
Microsoft Visual Studio Solution File, Format Version 12.00
# Visual Studio Version 17
VisualStudioVersion = 17.7.34009.444
MinimumVisualStudioVersion = 10.0.40219.1
Project("{9A19103F-16F7-4668-BE54-9A1E7A4F7556}") = "PCLSharp.Client", "src\PCLSharp.Client\PCLSharp.Client.csproj", "{734EB3BF-6A14-4358-947C-D6B34074B7EF}"
EndProject
Project("{9A19103F-16F7-4668-BE54-9A1E7A4F7556}") = "PCLSharp.Primitives", "src\PCLSharp.Primitives\PCLSharp.Primitives.csproj", "{626D3B22-DF0B-435A-B11D-28211B54A61A}"
	ProjectSection(ProjectDependencies) = postProject
		{2E39CA0F-912B-46C6-808A-34BB95C4CB6F} = {2E39CA0F-912B-46C6-808A-34BB95C4CB6F}
	EndProjectSection
EndProject
Project("{8BC9CEB8-8B4A-11D0-8D11-00A0C91BC942}") = "PCLSharp.Primitives.Native", "src\PCLSharp.Primitives.Native\PCLSharp.Primitives.Native.vcxproj", "{2E39CA0F-912B-46C6-808A-34BB95C4CB6F}"
EndProject
Project("{9A19103F-16F7-4668-BE54-9A1E7A4F7556}") = "PCLSharp.Modules", "src\PCLSharp.Modules\PCLSharp.Modules.csproj", "{F43B2B4C-E351-44F0-8663-70E0C79F0753}"
	ProjectSection(ProjectDependencies) = postProject
		{ECF01658-FC0A-46A2-A91A-6F433B401832} = {ECF01658-FC0A-46A2-A91A-6F433B401832}
	EndProjectSection
EndProject
Project("{8BC9CEB8-8B4A-11D0-8D11-00A0C91BC942}") = "PCLSharp.Modules.Native", "src\PCLSharp.Modules.Native\PCLSharp.Modules.Native.vcxproj", "{ECF01658-FC0A-46A2-A91A-6F433B401832}"
	ProjectSection(ProjectDependencies) = postProject
		{2E39CA0F-912B-46C6-808A-34BB95C4CB6F} = {2E39CA0F-912B-46C6-808A-34BB95C4CB6F}
	EndProjectSection
EndProject
Project("{9A19103F-16F7-4668-BE54-9A1E7A4F7556}") = "PCLSharp.Extensions.Helix", "src\PCLSharp.Extensions.Helix\PCLSharp.Extensions.Helix.csproj", "{18ED85D4-9D0B-45A7-B410-4D3C3072838E}"
EndProject
Project("{FAE04EC0-301F-11D3-BF4B-00C04F79EFBC}") = "PCLSharp.Extensions.Plotter", "src\PCLSharp.Extensions.Plotter\PCLSharp.Extensions.Plotter.csproj", "{5EFEEBE9-DF8D-4C03-B948-4C4FF1AB8554}"
EndProject
Global
	GlobalSection(SolutionConfigurationPlatforms) = preSolution
		Debug|Any CPU = Debug|Any CPU
		Debug|x64 = Debug|x64
		Debug|x86 = Debug|x86
		Release|Any CPU = Release|Any CPU
		Release|x64 = Release|x64
		Release|x86 = Release|x86
	EndGlobalSection
	GlobalSection(ProjectConfigurationPlatforms) = postSolution
		{734EB3BF-6A14-4358-947C-D6B34074B7EF}.Debug|Any CPU.ActiveCfg = Debug|Any CPU
		{734EB3BF-6A14-4358-947C-D6B34074B7EF}.Debug|Any CPU.Build.0 = Debug|Any CPU
		{734EB3BF-6A14-4358-947C-D6B34074B7EF}.Debug|x64.ActiveCfg = Debug|Any CPU
		{734EB3BF-6A14-4358-947C-D6B34074B7EF}.Debug|x64.Build.0 = Debug|Any CPU
		{734EB3BF-6A14-4358-947C-D6B34074B7EF}.Debug|x86.ActiveCfg = Debug|Any CPU
		{734EB3BF-6A14-4358-947C-D6B34074B7EF}.Debug|x86.Build.0 = Debug|Any CPU
		{734EB3BF-6A14-4358-947C-D6B34074B7EF}.Release|Any CPU.ActiveCfg = Release|Any CPU
		{734EB3BF-6A14-4358-947C-D6B34074B7EF}.Release|Any CPU.Build.0 = Release|Any CPU
		{734EB3BF-6A14-4358-947C-D6B34074B7EF}.Release|x64.ActiveCfg = Release|Any CPU
		{734EB3BF-6A14-4358-947C-D6B34074B7EF}.Release|x64.Build.0 = Release|Any CPU
		{734EB3BF-6A14-4358-947C-D6B34074B7EF}.Release|x86.ActiveCfg = Release|Any CPU
		{734EB3BF-6A14-4358-947C-D6B34074B7EF}.Release|x86.Build.0 = Release|Any CPU
		{18ED85D4-9D0B-45A7-B410-4D3C3072838E}.Debug|Any CPU.ActiveCfg = Debug|Any CPU
		{18ED85D4-9D0B-45A7-B410-4D3C3072838E}.Debug|Any CPU.Build.0 = Debug|Any CPU
		{18ED85D4-9D0B-45A7-B410-4D3C3072838E}.Debug|x64.ActiveCfg = Debug|Any CPU
		{18ED85D4-9D0B-45A7-B410-4D3C3072838E}.Debug|x64.Build.0 = Debug|Any CPU
		{18ED85D4-9D0B-45A7-B410-4D3C3072838E}.Debug|x86.ActiveCfg = Debug|Any CPU
		{18ED85D4-9D0B-45A7-B410-4D3C3072838E}.Debug|x86.Build.0 = Debug|Any CPU
		{18ED85D4-9D0B-45A7-B410-4D3C3072838E}.Release|Any CPU.ActiveCfg = Release|Any CPU
		{18ED85D4-9D0B-45A7-B410-4D3C3072838E}.Release|Any CPU.Build.0 = Release|Any CPU
		{18ED85D4-9D0B-45A7-B410-4D3C3072838E}.Release|x64.ActiveCfg = Release|Any CPU
		{18ED85D4-9D0B-45A7-B410-4D3C3072838E}.Release|x64.Build.0 = Release|Any CPU
		{18ED85D4-9D0B-45A7-B410-4D3C3072838E}.Release|x86.ActiveCfg = Release|Any CPU
		{18ED85D4-9D0B-45A7-B410-4D3C3072838E}.Release|x86.Build.0 = Release|Any CPU
		{626D3B22-DF0B-435A-B11D-28211B54A61A}.Debug|Any CPU.ActiveCfg = Debug|Any CPU
		{626D3B22-DF0B-435A-B11D-28211B54A61A}.Debug|Any CPU.Build.0 = Debug|Any CPU
		{626D3B22-DF0B-435A-B11D-28211B54A61A}.Debug|x64.ActiveCfg = Debug|Any CPU
		{626D3B22-DF0B-435A-B11D-28211B54A61A}.Debug|x64.Build.0 = Debug|Any CPU
		{626D3B22-DF0B-435A-B11D-28211B54A61A}.Debug|x86.ActiveCfg = Debug|Any CPU
		{626D3B22-DF0B-435A-B11D-28211B54A61A}.Debug|x86.Build.0 = Debug|Any CPU
		{626D3B22-DF0B-435A-B11D-28211B54A61A}.Release|Any CPU.ActiveCfg = Release|Any CPU
		{626D3B22-DF0B-435A-B11D-28211B54A61A}.Release|Any CPU.Build.0 = Release|Any CPU
		{626D3B22-DF0B-435A-B11D-28211B54A61A}.Release|x64.ActiveCfg = Release|Any CPU
		{626D3B22-DF0B-435A-B11D-28211B54A61A}.Release|x64.Build.0 = Release|Any CPU
		{626D3B22-DF0B-435A-B11D-28211B54A61A}.Release|x86.ActiveCfg = Release|Any CPU
		{626D3B22-DF0B-435A-B11D-28211B54A61A}.Release|x86.Build.0 = Release|Any CPU
		{2E39CA0F-912B-46C6-808A-34BB95C4CB6F}.Debug|Any CPU.ActiveCfg = Debug|x64
		{2E39CA0F-912B-46C6-808A-34BB95C4CB6F}.Debug|Any CPU.Build.0 = Debug|x64
		{2E39CA0F-912B-46C6-808A-34BB95C4CB6F}.Debug|x64.ActiveCfg = Debug|x64
		{2E39CA0F-912B-46C6-808A-34BB95C4CB6F}.Debug|x64.Build.0 = Debug|x64
		{2E39CA0F-912B-46C6-808A-34BB95C4CB6F}.Debug|x86.ActiveCfg = Debug|Win32
		{2E39CA0F-912B-46C6-808A-34BB95C4CB6F}.Debug|x86.Build.0 = Debug|Win32
		{2E39CA0F-912B-46C6-808A-34BB95C4CB6F}.Release|Any CPU.ActiveCfg = Release|x64
		{2E39CA0F-912B-46C6-808A-34BB95C4CB6F}.Release|Any CPU.Build.0 = Release|x64
		{2E39CA0F-912B-46C6-808A-34BB95C4CB6F}.Release|x64.ActiveCfg = Release|x64
		{2E39CA0F-912B-46C6-808A-34BB95C4CB6F}.Release|x64.Build.0 = Release|x64
		{2E39CA0F-912B-46C6-808A-34BB95C4CB6F}.Release|x86.ActiveCfg = Release|Win32
		{2E39CA0F-912B-46C6-808A-34BB95C4CB6F}.Release|x86.Build.0 = Release|Win32
		{F43B2B4C-E351-44F0-8663-70E0C79F0753}.Debug|Any CPU.ActiveCfg = Debug|Any CPU
		{F43B2B4C-E351-44F0-8663-70E0C79F0753}.Debug|Any CPU.Build.0 = Debug|Any CPU
		{F43B2B4C-E351-44F0-8663-70E0C79F0753}.Debug|x64.ActiveCfg = Debug|Any CPU
		{F43B2B4C-E351-44F0-8663-70E0C79F0753}.Debug|x64.Build.0 = Debug|Any CPU
		{F43B2B4C-E351-44F0-8663-70E0C79F0753}.Debug|x86.ActiveCfg = Debug|Any CPU
		{F43B2B4C-E351-44F0-8663-70E0C79F0753}.Debug|x86.Build.0 = Debug|Any CPU
		{F43B2B4C-E351-44F0-8663-70E0C79F0753}.Release|Any CPU.ActiveCfg = Release|Any CPU
		{F43B2B4C-E351-44F0-8663-70E0C79F0753}.Release|Any CPU.Build.0 = Release|Any CPU
		{F43B2B4C-E351-44F0-8663-70E0C79F0753}.Release|x64.ActiveCfg = Release|Any CPU
		{F43B2B4C-E351-44F0-8663-70E0C79F0753}.Release|x64.Build.0 = Release|Any CPU
		{F43B2B4C-E351-44F0-8663-70E0C79F0753}.Release|x86.ActiveCfg = Release|Any CPU
		{F43B2B4C-E351-44F0-8663-70E0C79F0753}.Release|x86.Build.0 = Release|Any CPU
		{ECF01658-FC0A-46A2-A91A-6F433B401832}.Debug|Any CPU.ActiveCfg = Debug|x64
		{ECF01658-FC0A-46A2-A91A-6F433B401832}.Debug|Any CPU.Build.0 = Debug|x64
		{ECF01658-FC0A-46A2-A91A-6F433B401832}.Debug|x64.ActiveCfg = Debug|x64
		{ECF01658-FC0A-46A2-A91A-6F433B401832}.Debug|x64.Build.0 = Debug|x64
		{ECF01658-FC0A-46A2-A91A-6F433B401832}.Debug|x86.ActiveCfg = Debug|Win32
		{ECF01658-FC0A-46A2-A91A-6F433B401832}.Debug|x86.Build.0 = Debug|Win32
		{ECF01658-FC0A-46A2-A91A-6F433B401832}.Release|Any CPU.ActiveCfg = Release|x64
		{ECF01658-FC0A-46A2-A91A-6F433B401832}.Release|Any CPU.Build.0 = Release|x64
		{ECF01658-FC0A-46A2-A91A-6F433B401832}.Release|x64.ActiveCfg = Release|x64
		{ECF01658-FC0A-46A2-A91A-6F433B401832}.Release|x64.Build.0 = Release|x64
		{ECF01658-FC0A-46A2-A91A-6F433B401832}.Release|x86.ActiveCfg = Release|Win32
		{ECF01658-FC0A-46A2-A91A-6F433B401832}.Release|x86.Build.0 = Release|Win32
		{5EFEEBE9-DF8D-4C03-B948-4C4FF1AB8554}.Debug|Any CPU.ActiveCfg = Debug|Any CPU
		{5EFEEBE9-DF8D-4C03-B948-4C4FF1AB8554}.Debug|Any CPU.Build.0 = Debug|Any CPU
		{5EFEEBE9-DF8D-4C03-B948-4C4FF1AB8554}.Debug|x64.ActiveCfg = Debug|Any CPU
		{5EFEEBE9-DF8D-4C03-B948-4C4FF1AB8554}.Debug|x64.Build.0 = Debug|Any CPU
		{5EFEEBE9-DF8D-4C03-B948-4C4FF1AB8554}.Debug|x86.ActiveCfg = Debug|Any CPU
		{5EFEEBE9-DF8D-4C03-B948-4C4FF1AB8554}.Debug|x86.Build.0 = Debug|Any CPU
		{5EFEEBE9-DF8D-4C03-B948-4C4FF1AB8554}.Release|Any CPU.ActiveCfg = Release|Any CPU
		{5EFEEBE9-DF8D-4C03-B948-4C4FF1AB8554}.Release|Any CPU.Build.0 = Release|Any CPU
		{5EFEEBE9-DF8D-4C03-B948-4C4FF1AB8554}.Release|x64.ActiveCfg = Release|Any CPU
		{5EFEEBE9-DF8D-4C03-B948-4C4FF1AB8554}.Release|x64.Build.0 = Release|Any CPU
		{5EFEEBE9-DF8D-4C03-B948-4C4FF1AB8554}.Release|x86.ActiveCfg = Release|Any CPU
		{5EFEEBE9-DF8D-4C03-B948-4C4FF1AB8554}.Release|x86.Build.0 = Release|Any CPU
	EndGlobalSection
	GlobalSection(SolutionProperties) = preSolution
		HideSolutionNode = FALSE
	EndGlobalSection
	GlobalSection(ExtensibilityGlobals) = postSolution
		SolutionGuid = {40AC6DE2-4E97-4602-B56B-8906F434D233}
	EndGlobalSection
EndGlobal
