<?xml version="1.0" encoding="utf-8"?>
<Project ToolsVersion="4.0" xmlns="http://schemas.microsoft.com/developer/msbuild/2003">
  <ItemGroup>
    <Filter Include="Headers">
      <UniqueIdentifier>{b998a471-27ef-435e-a4d4-49772ee5b9f6}</UniqueIdentifier>
    </Filter>
    <Filter Include="Sources">
      <UniqueIdentifier>{d11b3b93-330f-4f40-ba15-f91af0bbd978}</UniqueIdentifier>
    </Filter>
  </ItemGroup>
  <ItemGroup>
    <ClInclude Include="pcl_keypoints.h">
      <Filter>Headers</Filter>
    </ClInclude>
    <ClInclude Include="pcl_features.h">
      <Filter>Headers</Filter>
    </ClInclude>
  </ItemGroup>
  <ItemGroup>
    <ClCompile Include="pcl_keypoints.cpp">
      <Filter>Sources</Filter>
    </ClCompile>
    <ClCompile Include="pcl_features.cpp">
      <Filter>Sources</Filter>
    </ClCompile>
  </ItemGroup>
</Project>